{
  "name": "monitor",
  "version": "0.1.0",
  "lockfileVersion": 1,
  "requires": true,
  "dependencies": {
    "@puge/checkbox": {
      "version": "1.1.6",
      "resolved": "https://registry.npmjs.org/@puge/checkbox/-/checkbox-1.1.6.tgz",
      "integrity": "sha512-lu0bytP+26tVp+9cTjsZ6RzRRLHBMephtkpxqoYgPmb0zoHUeLlfgVW9Pa0qypSd2vQlybc3T1/6SUfhBR1DYA=="
    }
  }
}
